// !$*UTF8*$!
{
	archiveVersion = 1;
	classes = {
	};
	objectVersion = 46;
	objects = {

/* Begin PBXBuildFile section */
		53077EE71E779FC2009F8E43 /* shadowsocks.h in Frameworks */ = {isa = PBXBuildFile; fileRef = 53077EE61E779FB5009F8E43 /* shadowsocks.h */; };
		5370E8541E7EB7F9009DDAE1 /* LKAddressBarViewController.m in Sources */ = {isa = PBXBuildFile; fileRef = 5370E8531E7EB7F9009DDAE1 /* LKAddressBarViewController.m */; };
		537A3B1E1E79882200BA76F1 /* LKTabCell.m in Sources */ = {isa = PBXBuildFile; fileRef = 537A3B1D1E79882200BA76F1 /* LKTabCell.m */; };
		537C0E571E710D1500BE58D7 /* main.m in Sources */ = {isa = PBXBuildFile; fileRef = 537C0E561E710D1500BE58D7 /* main.m */; };
		537C0E5A1E710D1500BE58D7 /* AppDelegate.m in Sources */ = {isa = PBXBuildFile; fileRef = 537C0E591E710D1500BE58D7 /* AppDelegate.m */; };
		537C0E5D1E710D1500BE58D7 /* BrowserViewController.m in Sources */ = {isa = PBXBuildFile; fileRef = 537C0E5C1E710D1500BE58D7 /* BrowserViewController.m */; };
		537C0E601E710D1500BE58D7 /* Main.storyboard in Resources */ = {isa = PBXBuildFile; fileRef = 537C0E5E1E710D1500BE58D7 /* Main.storyboard */; };
		537C0E621E710D1500BE58D7 /* Assets.xcassets in Resources */ = {isa = PBXBuildFile; fileRef = 537C0E611E710D1500BE58D7 /* Assets.xcassets */; };
		537C0E651E710D1500BE58D7 /* LaunchScreen.storyboard in Resources */ = {isa = PBXBuildFile; fileRef = 537C0E631E710D1500BE58D7 /* LaunchScreen.storyboard */; };
		537C0E7A1E71600E00BE58D7 /* LKHTTPProtocol.m in Sources */ = {isa = PBXBuildFile; fileRef = 537C0E791E71600E00BE58D7 /* LKHTTPProtocol.m */; };
		53BE01D21E7C223F005E9E54 /* start_local.c in Sources */ = {isa = PBXBuildFile; fileRef = 53BE01D01E7C223F005E9E54 /* start_local.c */; };
		53BE01FD1E7CB4CE005E9E54 /* libev.a in Frameworks */ = {isa = PBXBuildFile; fileRef = 53BE01F61E7CB4CE005E9E54 /* libev.a */; };
		53BE01FE1E7CB4CE005E9E54 /* libmbedcrypto.a in Frameworks */ = {isa = PBXBuildFile; fileRef = 53BE01F71E7CB4CE005E9E54 /* libmbedcrypto.a */; };
		53BE01FF1E7CB4CE005E9E54 /* libmbedtls.a in Frameworks */ = {isa = PBXBuildFile; fileRef = 53BE01F81E7CB4CE005E9E54 /* libmbedtls.a */; };
		53BE02001E7CB4CE005E9E54 /* libpcre.a in Frameworks */ = {isa = PBXBuildFile; fileRef = 53BE01F91E7CB4CE005E9E54 /* libpcre.a */; };
		53BE02011E7CB4CE005E9E54 /* libshadowsocks-libev.a in Frameworks */ = {isa = PBXBuildFile; fileRef = 53BE01FA1E7CB4CE005E9E54 /* libshadowsocks-libev.a */; };
		53BE02021E7CB4CE005E9E54 /* libsodium.a in Frameworks */ = {isa = PBXBuildFile; fileRef = 53BE01FB1E7CB4CE005E9E54 /* libsodium.a */; };
		53BE02031E7CB4CE005E9E54 /* libudns.a in Frameworks */ = {isa = PBXBuildFile; fileRef = 53BE01FC1E7CB4CE005E9E54 /* libudns.a */; };
		53BE022B1E7E9D9B005E9E54 /* LKSessionManager.m in Sources */ = {isa = PBXBuildFile; fileRef = 53BE022A1E7E9D9B005E9E54 /* LKSessionManager.m */; };
		53F440791E7A5F8B00C4DECC /* LKTabViewController.m in Sources */ = {isa = PBXBuildFile; fileRef = 53F440781E7A5F8B00C4DECC /* LKTabViewController.m */; };
/* End PBXBuildFile section */

/* Begin PBXFileReference section */
		53077EE61E779FB5009F8E43 /* shadowsocks.h */ = {isa = PBXFileReference; lastKnownFileType = sourcecode.c.h; path = shadowsocks.h; sourceTree = "<group>"; };
		5370E8521E7EB7F9009DDAE1 /* LKAddressBarViewController.h */ = {isa = PBXFileReference; fileEncoding = 4; lastKnownFileType = sourcecode.c.h; path = LKAddressBarViewController.h; sourceTree = "<group>"; };
		5370E8531E7EB7F9009DDAE1 /* LKAddressBarViewController.m */ = {isa = PBXFileReference; fileEncoding = 4; lastKnownFileType = sourcecode.c.objc; path = LKAddressBarViewController.m; sourceTree = "<group>"; };
		537A3B1C1E79882200BA76F1 /* LKTabCell.h */ = {isa = PBXFileReference; fileEncoding = 4; lastKnownFileType = sourcecode.c.h; name = LKTabCell.h; path = Tab/LKTabCell.h; sourceTree = "<group>"; };
		537A3B1D1E79882200BA76F1 /* LKTabCell.m */ = {isa = PBXFileReference; fileEncoding = 4; lastKnownFileType = sourcecode.c.objc; name = LKTabCell.m; path = Tab/LKTabCell.m; sourceTree = "<group>"; };
		537C0E521E710D1500BE58D7 /* LKBrowser.app */ = {isa = PBXFileReference; explicitFileType = wrapper.application; includeInIndex = 0; path = LKBrowser.app; sourceTree = BUILT_PRODUCTS_DIR; };
		537C0E561E710D1500BE58D7 /* main.m */ = {isa = PBXFileReference; lastKnownFileType = sourcecode.c.objc; path = main.m; sourceTree = "<group>"; };
		537C0E581E710D1500BE58D7 /* AppDelegate.h */ = {isa = PBXFileReference; lastKnownFileType = sourcecode.c.h; path = AppDelegate.h; sourceTree = "<group>"; };
		537C0E591E710D1500BE58D7 /* AppDelegate.m */ = {isa = PBXFileReference; lastKnownFileType = sourcecode.c.objc; path = AppDelegate.m; sourceTree = "<group>"; };
		537C0E5B1E710D1500BE58D7 /* BrowserViewController.h */ = {isa = PBXFileReference; lastKnownFileType = sourcecode.c.h; path = BrowserViewController.h; sourceTree = "<group>"; };
		537C0E5C1E710D1500BE58D7 /* BrowserViewController.m */ = {isa = PBXFileReference; lastKnownFileType = sourcecode.c.objc; path = BrowserViewController.m; sourceTree = "<group>"; };
		537C0E5F1E710D1500BE58D7 /* Base */ = {isa = PBXFileReference; lastKnownFileType = file.storyboard; name = Base; path = Base.lproj/Main.storyboard; sourceTree = "<group>"; };
		537C0E611E710D1500BE58D7 /* Assets.xcassets */ = {isa = PBXFileReference; lastKnownFileType = folder.assetcatalog; path = Assets.xcassets; sourceTree = "<group>"; };
		537C0E641E710D1500BE58D7 /* Base */ = {isa = PBXFileReference; lastKnownFileType = file.storyboard; name = Base; path = Base.lproj/LaunchScreen.storyboard; sourceTree = "<group>"; };
		537C0E661E710D1500BE58D7 /* Info.plist */ = {isa = PBXFileReference; lastKnownFileType = text.plist.xml; path = Info.plist; sourceTree = "<group>"; };
		537C0E781E71600E00BE58D7 /* LKHTTPProtocol.h */ = {isa = PBXFileReference; fileEncoding = 4; lastKnownFileType = sourcecode.c.h; name = LKHTTPProtocol.h; path = Networking/LKHTTPProtocol.h; sourceTree = "<group>"; };
		537C0E791E71600E00BE58D7 /* LKHTTPProtocol.m */ = {isa = PBXFileReference; fileEncoding = 4; lastKnownFileType = sourcecode.c.objc; name = LKHTTPProtocol.m; path = Networking/LKHTTPProtocol.m; sourceTree = "<group>"; };
		53BE01D01E7C223F005E9E54 /* start_local.c */ = {isa = PBXFileReference; fileEncoding = 4; lastKnownFileType = sourcecode.c.c; path = start_local.c; sourceTree = "<group>"; };
		53BE01D11E7C223F005E9E54 /* start_local.h */ = {isa = PBXFileReference; fileEncoding = 4; lastKnownFileType = sourcecode.c.h; path = start_local.h; sourceTree = "<group>"; };
		53BE01F61E7CB4CE005E9E54 /* libev.a */ = {isa = PBXFileReference; lastKnownFileType = archive.ar; name = libev.a; path = LKBrowser/3rd/libev.a; sourceTree = "<group>"; };
		53BE01F71E7CB4CE005E9E54 /* libmbedcrypto.a */ = {isa = PBXFileReference; lastKnownFileType = archive.ar; name = libmbedcrypto.a; path = LKBrowser/3rd/libmbedcrypto.a; sourceTree = "<group>"; };
		53BE01F81E7CB4CE005E9E54 /* libmbedtls.a */ = {isa = PBXFileReference; lastKnownFileType = archive.ar; name = libmbedtls.a; path = LKBrowser/3rd/libmbedtls.a; sourceTree = "<group>"; };
		53BE01F91E7CB4CE005E9E54 /* libpcre.a */ = {isa = PBXFileReference; lastKnownFileType = archive.ar; name = libpcre.a; path = LKBrowser/3rd/libpcre.a; sourceTree = "<group>"; };
		53BE01FA1E7CB4CE005E9E54 /* libshadowsocks-libev.a */ = {isa = PBXFileReference; lastKnownFileType = archive.ar; name = "libshadowsocks-libev.a"; path = "LKBrowser/3rd/libshadowsocks-libev.a"; sourceTree = "<group>"; };
		53BE01FB1E7CB4CE005E9E54 /* libsodium.a */ = {isa = PBXFileReference; lastKnownFileType = archive.ar; name = libsodium.a; path = LKBrowser/3rd/libsodium.a; sourceTree = "<group>"; };
		53BE01FC1E7CB4CE005E9E54 /* libudns.a */ = {isa = PBXFileReference; lastKnownFileType = archive.ar; name = libudns.a; path = LKBrowser/3rd/libudns.a; sourceTree = "<group>"; };
		53BE02291E7E9D9B005E9E54 /* LKSessionManager.h */ = {isa = PBXFileReference; fileEncoding = 4; lastKnownFileType = sourcecode.c.h; name = LKSessionManager.h; path = Networking/LKSessionManager.h; sourceTree = "<group>"; };
		53BE022A1E7E9D9B005E9E54 /* LKSessionManager.m */ = {isa = PBXFileReference; fileEncoding = 4; lastKnownFileType = sourcecode.c.objc; name = LKSessionManager.m; path = Networking/LKSessionManager.m; sourceTree = "<group>"; };
		53F440771E7A5F8B00C4DECC /* LKTabViewController.h */ = {isa = PBXFileReference; fileEncoding = 4; lastKnownFileType = sourcecode.c.h; name = LKTabViewController.h; path = Tab/LKTabViewController.h; sourceTree = "<group>"; };
		53F440781E7A5F8B00C4DECC /* LKTabViewController.m */ = {isa = PBXFileReference; fileEncoding = 4; lastKnownFileType = sourcecode.c.objc; name = LKTabViewController.m; path = Tab/LKTabViewController.m; sourceTree = "<group>"; };
/* End PBXFileReference section */

/* Begin PBXFrameworksBuildPhase section */
		537C0E4F1E710D1500BE58D7 /* Frameworks */ = {
			isa = PBXFrameworksBuildPhase;
			buildActionMask = 2147483647;
			files = (
				53077EE71E779FC2009F8E43 /* shadowsocks.h in Frameworks */,
				53BE01FD1E7CB4CE005E9E54 /* libev.a in Frameworks */,
				53BE01FE1E7CB4CE005E9E54 /* libmbedcrypto.a in Frameworks */,
				53BE01FF1E7CB4CE005E9E54 /* libmbedtls.a in Frameworks */,
				53BE02001E7CB4CE005E9E54 /* libpcre.a in Frameworks */,
				53BE02011E7CB4CE005E9E54 /* libshadowsocks-libev.a in Frameworks */,
				53BE02021E7CB4CE005E9E54 /* libsodium.a in Frameworks */,
				53BE02031E7CB4CE005E9E54 /* libudns.a in Frameworks */,
			);
			runOnlyForDeploymentPostprocessing = 0;
		};
/* End PBXFrameworksBuildPhase section */

/* Begin PBXGroup section */
		53077EC91E779F73009F8E43 /* Frameworks */ = {
			isa = PBXGroup;
			children = (
				53BE01F61E7CB4CE005E9E54 /* libev.a */,
				53BE01F71E7CB4CE005E9E54 /* libmbedcrypto.a */,
				53BE01F81E7CB4CE005E9E54 /* libmbedtls.a */,
				53BE01F91E7CB4CE005E9E54 /* libpcre.a */,
				53BE01FA1E7CB4CE005E9E54 /* libshadowsocks-libev.a */,
				53BE01FB1E7CB4CE005E9E54 /* libsodium.a */,
				53BE01FC1E7CB4CE005E9E54 /* libudns.a */,
				53077EE61E779FB5009F8E43 /* shadowsocks.h */,
			);
			name = Frameworks;
			sourceTree = "<group>";
		};
		537C0E491E710D1500BE58D7 = {
			isa = PBXGroup;
			children = (
				537C0E541E710D1500BE58D7 /* LKBrowser */,
				537C0E531E710D1500BE58D7 /* Products */,
				53077EC91E779F73009F8E43 /* Frameworks */,
			);
			sourceTree = "<group>";
		};
		537C0E531E710D1500BE58D7 /* Products */ = {
			isa = PBXGroup;
			children = (
				537C0E521E710D1500BE58D7 /* LKBrowser.app */,
			);
			name = Products;
			sourceTree = "<group>";
		};
		537C0E541E710D1500BE58D7 /* LKBrowser */ = {
			isa = PBXGroup;
			children = (
				537C0E741E715F9800BE58D7 /* Networking */,
				537C0E6D1E7131B500BE58D7 /* Tab */,
				537C0E581E710D1500BE58D7 /* AppDelegate.h */,
				537C0E591E710D1500BE58D7 /* AppDelegate.m */,
				537C0E5B1E710D1500BE58D7 /* BrowserViewController.h */,
				537C0E5C1E710D1500BE58D7 /* BrowserViewController.m */,
				537C0E5E1E710D1500BE58D7 /* Main.storyboard */,
				537C0E611E710D1500BE58D7 /* Assets.xcassets */,
				537C0E631E710D1500BE58D7 /* LaunchScreen.storyboard */,
				537C0E661E710D1500BE58D7 /* Info.plist */,
				537C0E551E710D1500BE58D7 /* Supporting Files */,
				53BE01D01E7C223F005E9E54 /* start_local.c */,
				53BE01D11E7C223F005E9E54 /* start_local.h */,
				5370E8521E7EB7F9009DDAE1 /* LKAddressBarViewController.h */,
				5370E8531E7EB7F9009DDAE1 /* LKAddressBarViewController.m */,
			);
			path = LKBrowser;
			sourceTree = "<group>";
		};
		537C0E551E710D1500BE58D7 /* Supporting Files */ = {
			isa = PBXGroup;
			children = (
				537C0E561E710D1500BE58D7 /* main.m */,
			);
			name = "Supporting Files";
			sourceTree = "<group>";
		};
		537C0E6D1E7131B500BE58D7 /* Tab */ = {
			isa = PBXGroup;
			children = (
				537A3B1C1E79882200BA76F1 /* LKTabCell.h */,
				537A3B1D1E79882200BA76F1 /* LKTabCell.m */,
				53F440771E7A5F8B00C4DECC /* LKTabViewController.h */,
				53F440781E7A5F8B00C4DECC /* LKTabViewController.m */,
			);
			name = Tab;
			sourceTree = "<group>";
		};
		537C0E741E715F9800BE58D7 /* Networking */ = {
			isa = PBXGroup;
			children = (
				537C0E781E71600E00BE58D7 /* LKHTTPProtocol.h */,
				537C0E791E71600E00BE58D7 /* LKHTTPProtocol.m */,
				53BE02291E7E9D9B005E9E54 /* LKSessionManager.h */,
				53BE022A1E7E9D9B005E9E54 /* LKSessionManager.m */,
			);
			name = Networking;
			sourceTree = "<group>";
		};
/* End PBXGroup section */

/* Begin PBXNativeTarget section */
		537C0E511E710D1500BE58D7 /* LKBrowser */ = {
			isa = PBXNativeTarget;
			buildConfigurationList = 537C0E691E710D1500BE58D7 /* Build configuration list for PBXNativeTarget "LKBrowser" */;
			buildPhases = (
				537C0E4E1E710D1500BE58D7 /* Sources */,
				537C0E4F1E710D1500BE58D7 /* Frameworks */,
				537C0E501E710D1500BE58D7 /* Resources */,
			);
			buildRules = (
			);
			dependencies = (
			);
			name = LKBrowser;
			productName = LKBrowser;
			productReference = 537C0E521E710D1500BE58D7 /* LKBrowser.app */;
			productType = "com.apple.product-type.application";
		};
/* End PBXNativeTarget section */

/* Begin PBXProject section */
		537C0E4A1E710D1500BE58D7 /* Project object */ = {
			isa = PBXProject;
			attributes = {
				LastUpgradeCheck = 0820;
				ORGANIZATIONNAME = Lookis;
				TargetAttributes = {
					537C0E511E710D1500BE58D7 = {
						CreatedOnToolsVersion = 8.2.1;
						DevelopmentTeam = TV7X9S92KX;
						ProvisioningStyle = Automatic;
					};
				};
			};
			buildConfigurationList = 537C0E4D1E710D1500BE58D7 /* Build configuration list for PBXProject "LKBrowser" */;
			compatibilityVersion = "Xcode 3.2";
			developmentRegion = English;
			hasScannedForEncodings = 0;
			knownRegions = (
				en,
				Base,
			);
			mainGroup = 537C0E491E710D1500BE58D7;
			productRefGroup = 537C0E531E710D1500BE58D7 /* Products */;
			projectDirPath = "";
			projectRoot = "";
			targets = (
				537C0E511E710D1500BE58D7 /* LKBrowser */,
			);
		};
/* End PBXProject section */

/* Begin PBXResourcesBuildPhase section */
		537C0E501E710D1500BE58D7 /* Resources */ = {
			isa = PBXResourcesBuildPhase;
			buildActionMask = 2147483647;
			files = (
				537C0E651E710D1500BE58D7 /* LaunchScreen.storyboard in Resources */,
				537C0E621E710D1500BE58D7 /* Assets.xcassets in Resources */,
				537C0E601E710D1500BE58D7 /* Main.storyboard in Resources */,
			);
			runOnlyForDeploymentPostprocessing = 0;
		};
/* End PBXResourcesBuildPhase section */

/* Begin PBXSourcesBuildPhase section */
		537C0E4E1E710D1500BE58D7 /* Sources */ = {
			isa = PBXSourcesBuildPhase;
			buildActionMask = 2147483647;
			files = (
				5370E8541E7EB7F9009DDAE1 /* LKAddressBarViewController.m in Sources */,
				537C0E5D1E710D1500BE58D7 /* BrowserViewController.m in Sources */,
				537A3B1E1E79882200BA76F1 /* LKTabCell.m in Sources */,
				537C0E5A1E710D1500BE58D7 /* AppDelegate.m in Sources */,
				53BE022B1E7E9D9B005E9E54 /* LKSessionManager.m in Sources */,
				537C0E571E710D1500BE58D7 /* main.m in Sources */,
				537C0E7A1E71600E00BE58D7 /* LKHTTPProtocol.m in Sources */,
				53BE01D21E7C223F005E9E54 /* start_local.c in Sources */,
				53F440791E7A5F8B00C4DECC /* LKTabViewController.m in Sources */,
			);
			runOnlyForDeploymentPostprocessing = 0;
		};
/* End PBXSourcesBuildPhase section */

/* Begin PBXVariantGroup section */
		537C0E5E1E710D1500BE58D7 /* Main.storyboard */ = {
			isa = PBXVariantGroup;
			children = (
				537C0E5F1E710D1500BE58D7 /* Base */,
			);
			name = Main.storyboard;
			sourceTree = "<group>";
		};
		537C0E631E710D1500BE58D7 /* LaunchScreen.storyboard */ = {
			isa = PBXVariantGroup;
			children = (
				537C0E641E710D1500BE58D7 /* Base */,
			);
			name = LaunchScreen.storyboard;
			sourceTree = "<group>";
		};
/* End PBXVariantGroup section */

/* Begin XCBuildConfiguration section */
		537C0E671E710D1500BE58D7 /* Debug */ = {
			isa = XCBuildConfiguration;
			buildSettings = {
				ALWAYS_SEARCH_USER_PATHS = NO;
				CLANG_ANALYZER_NONNULL = YES;
				CLANG_CXX_LANGUAGE_STANDARD = "gnu++0x";
				CLANG_CXX_LIBRARY = "libc++";
				CLANG_ENABLE_MODULES = YES;
				CLANG_ENABLE_OBJC_ARC = YES;
				CLANG_WARN_BOOL_CONVERSION = YES;
				CLANG_WARN_CONSTANT_CONVERSION = YES;
				CLANG_WARN_DIRECT_OBJC_ISA_USAGE = YES_ERROR;
				CLANG_WARN_DOCUMENTATION_COMMENTS = YES;
				CLANG_WARN_EMPTY_BODY = YES;
				CLANG_WARN_ENUM_CONVERSION = YES;
				CLANG_WARN_INFINITE_RECURSION = YES;
				CLANG_WARN_INT_CONVERSION = YES;
				CLANG_WARN_OBJC_ROOT_CLASS = YES_ERROR;
				CLANG_WARN_SUSPICIOUS_MOVE = YES;
				CLANG_WARN_UNREACHABLE_CODE = YES;
				CLANG_WARN__DUPLICATE_METHOD_MATCH = YES;
				"CODE_SIGN_IDENTITY[sdk=iphoneos*]" = "iPhone Developer";
				COPY_PHASE_STRIP = NO;
				DEBUG_INFORMATION_FORMAT = dwarf;
				ENABLE_BITCODE = NO;
				ENABLE_STRICT_OBJC_MSGSEND = YES;
				ENABLE_TESTABILITY = YES;
				GCC_C_LANGUAGE_STANDARD = gnu99;
				GCC_DYNAMIC_NO_PIC = NO;
				GCC_NO_COMMON_BLOCKS = YES;
				GCC_OPTIMIZATION_LEVEL = 0;
				GCC_PREPROCESSOR_DEFINITIONS = (
					"DEBUG=1",
					"$(inherited)",
				);
				GCC_WARN_64_TO_32_BIT_CONVERSION = YES;
				GCC_WARN_ABOUT_RETURN_TYPE = YES_ERROR;
				GCC_WARN_UNDECLARED_SELECTOR = YES;
				GCC_WARN_UNINITIALIZED_AUTOS = YES_AGGRESSIVE;
				GCC_WARN_UNUSED_FUNCTION = YES;
				GCC_WARN_UNUSED_VARIABLE = YES;
				IPHONEOS_DEPLOYMENT_TARGET = 10.2;
				MTL_ENABLE_DEBUG_INFO = YES;
				ONLY_ACTIVE_ARCH = YES;
				SDKROOT = iphoneos;
				TARGETED_DEVICE_FAMILY = "1,2";
			};
			name = Debug;
		};
		537C0E681E710D1500BE58D7 /* Release */ = {
			isa = XCBuildConfiguration;
			buildSettings = {
				ALWAYS_SEARCH_USER_PATHS = NO;
				CLANG_ANALYZER_NONNULL = YES;
				CLANG_CXX_LANGUAGE_STANDARD = "gnu++0x";
				CLANG_CXX_LIBRARY = "libc++";
				CLANG_ENABLE_MODULES = YES;
				CLANG_ENABLE_OBJC_ARC = YES;
				CLANG_WARN_BOOL_CONVERSION = YES;
				CLANG_WARN_CONSTANT_CONVERSION = YES;
				CLANG_WARN_DIRECT_OBJC_ISA_USAGE = YES_ERROR;
				CLANG_WARN_DOCUMENTATION_COMMENTS = YES;
				CLANG_WARN_EMPTY_BODY = YES;
				CLANG_WARN_ENUM_CONVERSION = YES;
				CLANG_WARN_INFINITE_RECURSION = YES;
				CLANG_WARN_INT_CONVERSION = YES;
				CLANG_WARN_OBJC_ROOT_CLASS = YES_ERROR;
				CLANG_WARN_SUSPICIOUS_MOVE = YES;
				CLANG_WARN_UNREACHABLE_CODE = YES;
				CLANG_WARN__DUPLICATE_METHOD_MATCH = YES;
				"CODE_SIGN_IDENTITY[sdk=iphoneos*]" = "iPhone Developer";
				COPY_PHASE_STRIP = NO;
				DEBUG_INFORMATION_FORMAT = "dwarf-with-dsym";
				ENABLE_BITCODE = NO;
				ENABLE_NS_ASSERTIONS = NO;
				ENABLE_STRICT_OBJC_MSGSEND = YES;
				GCC_C_LANGUAGE_STANDARD = gnu99;
				GCC_NO_COMMON_BLOCKS = YES;
				GCC_WARN_64_TO_32_BIT_CONVERSION = YES;
				GCC_WARN_ABOUT_RETURN_TYPE = YES_ERROR;
				GCC_WARN_UNDECLARED_SELECTOR = YES;
				GCC_WARN_UNINITIALIZED_AUTOS = YES_AGGRESSIVE;
				GCC_WARN_UNUSED_FUNCTION = YES;
				GCC_WARN_UNUSED_VARIABLE = YES;
				IPHONEOS_DEPLOYMENT_TARGET = 10.2;
				MTL_ENABLE_DEBUG_INFO = NO;
				SDKROOT = iphoneos;
				TARGETED_DEVICE_FAMILY = "1,2";
				VALIDATE_PRODUCT = YES;
			};
			name = Release;
		};
		537C0E6A1E710D1500BE58D7 /* Debug */ = {
			isa = XCBuildConfiguration;
			buildSettings = {
				ASSETCATALOG_COMPILER_APPICON_NAME = AppIcon;
				DEVELOPMENT_TEAM = TV7X9S92KX;
				ENABLE_BITCODE = YES;
				FRAMEWORK_SEARCH_PATHS = "$(inherited)";
				INFOPLIST_FILE = LKBrowser/Info.plist;
				IPHONEOS_DEPLOYMENT_TARGET = 8.0;
				LD_RUNPATH_SEARCH_PATHS = "$(inherited) @executable_path/Frameworks";
				LIBRARY_SEARCH_PATHS = (
					"$(inherited)",
					"$(PROJECT_DIR)",
					"$(PROJECT_DIR)/LKBrowser/3rd",
				);
				PRODUCT_BUNDLE_IDENTIFIER = me.lookis.LKBrowser;
				PRODUCT_NAME = "$(TARGET_NAME)";
			};
			name = Debug;
		};
		537C0E6B1E710D1500BE58D7 /* Release */ = {
			isa = XCBuildConfiguration;
			buildSettings = {
				ASSETCATALOG_COMPILER_APPICON_NAME = AppIcon;
				DEVELOPMENT_TEAM = TV7X9S92KX;
				ENABLE_BITCODE = YES;
				FRAMEWORK_SEARCH_PATHS = "$(inherited)";
				INFOPLIST_FILE = LKBrowser/Info.plist;
				IPHONEOS_DEPLOYMENT_TARGET = 8.0;
				LD_RUNPATH_SEARCH_PATHS = "$(inherited) @executable_path/Frameworks";
				LIBRARY_SEARCH_PATHS = (
					"$(inherited)",
					"$(PROJECT_DIR)",
					"$(PROJECT_DIR)/LKBrowser/3rd",
				);
				PRODUCT_BUNDLE_IDENTIFIER = me.lookis.LKBrowser;
				PRODUCT_NAME = "$(TARGET_NAME)";
			};
			name = Release;
		};
/* End XCBuildConfiguration section */

/* Begin XCConfigurationList section */
		537C0E4D1E710D1500BE58D7 /* Build configuration list for PBXProject "LKBrowser" */ = {
			isa = XCConfigurationList;
			buildConfigurations = (
				537C0E671E710D1500BE58D7 /* Debug */,
				537C0E681E710D1500BE58D7 /* Release */,
			);
			defaultConfigurationIsVisible = 0;
			defaultConfigurationName = Release;
		};
		537C0E691E710D1500BE58D7 /* Build configuration list for PBXNativeTarget "LKBrowser" */ = {
			isa = XCConfigurationList;
			buildConfigurations = (
				537C0E6A1E710D1500BE58D7 /* Debug */,
				537C0E6B1E710D1500BE58D7 /* Release */,
			);
			defaultConfigurationIsVisible = 0;
			defaultConfigurationName = Release;
		};
/* End XCConfigurationList section */
	};
	rootObject = 537C0E4A1E710D1500BE58D7 /* Project object */;
}
